
Microsoft Visual Studio Solution File, Format Version 12.00
# Visual Studio Version 17
VisualStudioVersion = 17.10.35027.167
MinimumVisualStudioVersion = 10.0.40219.1
Project("{FAE04EC0-301F-11D3-BF4B-00C04F79EFBC}") = "AuthECAPI", "AuthECAPI\AuthECAPI.csproj", "{EE59A521-8A7F-4FC8-9ED0-45483D0425E4}"
EndProject
Global
	GlobalSection(SolutionConfigurationPlatforms) = preSolution
		Debug|Any CPU = Debug|Any CPU
		Release|Any CPU = Release|Any CPU
	EndGlobalSection
	GlobalSection(ProjectConfigurationPlatforms) = postSolution
		{EE59A521-8A7F-4FC8-9ED0-45483D0425E4}.Debug|Any CPU.ActiveCfg = Debug|Any CPU
		{EE59A521-8A7F-4FC8-9ED0-45483D0425E4}.Debug|Any CPU.Build.0 = Debug|Any CPU
		{EE59A521-8A7F-4FC8-9ED0-45483D0425E4}.Release|Any CPU.ActiveCfg = Release|Any CPU
		{EE59A521-8A7F-4FC8-9ED0-45483D0425E4}.Release|Any CPU.Build.0 = Release|Any CPU
	EndGlobalSection
	GlobalSection(SolutionProperties) = preSolution
		HideSolutionNode = FALSE
	EndGlobalSection
	GlobalSection(ExtensibilityGlobals) = postSolution
		SolutionGuid = {21024BE8-64F2-422D-B538-CEBA218B2B03}
	EndGlobalSection
EndGlobal
